
Microsoft Visual Studio Solution File, Format Version 12.00
# Visual Studio Version 17
VisualStudioVersion = 17.2.32505.173
MinimumVisualStudioVersion = 10.0.40219.1
Project("{8BC9CEB8-8B4A-11D0-8D11-00A0C91BC942}") = "lab_1", "lab_1\lab_1.vcxproj", "{64B0D154-27CC-495D-98D6-A004175DA2D2}"
EndProject
Project("{8BC9CEB8-8B4A-11D0-8D11-00A0C91BC942}") = "lab2", "lab2\lab2.vcxproj", "{B84B81F2-5198-445C-AF04-0B9C35F3AECE}"
EndProject
Project("{2150E333-8FDC-42A3-9474-1A3956D46DE8}") = "lab_5", "lab_5", "{A9B7658E-0A11-4F95-AF63-AE35614FA1D9}"
EndProject
Project("{8BC9CEB8-8B4A-11D0-8D11-00A0C91BC942}") = "t_0", "t_0\t_0.vcxproj", "{F64A36A9-3D69-41F9-A15A-4397E8E17E2A}"
EndProject
Project("{8BC9CEB8-8B4A-11D0-8D11-00A0C91BC942}") = "t_1", "t_1\t_1.vcxproj", "{AAF3CBB6-3EEB-4B31-BA8B-65ACB7836C6B}"
EndProject
Project("{8BC9CEB8-8B4A-11D0-8D11-00A0C91BC942}") = "t_2", "t_2\t_2.vcxproj", "{DE871B14-E78E-4B46-93AE-E281BB162CAC}"
EndProject
Project("{8BC9CEB8-8B4A-11D0-8D11-00A0C91BC942}") = "t_3_", "t_3_\t_3_.vcxproj", "{B22612E1-CF0D-4350-93A0-7E3E00514568}"
EndProject
Project("{8BC9CEB8-8B4A-11D0-8D11-00A0C91BC942}") = "t_4", "t_4\t_4.vcxproj", "{19023C0A-0869-4A2E-AA1B-F9FBC84EB748}"
EndProject
Project("{8BC9CEB8-8B4A-11D0-8D11-00A0C91BC942}") = "t_5_", "t_5_\t_5_.vcxproj", "{B630A05A-5CFC-47FC-BE25-4EAB8C06C028}"
EndProject
Project("{8BC9CEB8-8B4A-11D0-8D11-00A0C91BC942}") = "t_6", "t_6\t_6.vcxproj", "{3435BDF0-9307-426B-812E-323C235D98F7}"
EndProject
Project("{8BC9CEB8-8B4A-11D0-8D11-00A0C91BC942}") = "t_7", "t_7\t_7.vcxproj", "{D2870F8D-6777-403A-A26D-1E3ECDF8DEAA}"
EndProject
Project("{8BC9CEB8-8B4A-11D0-8D11-00A0C91BC942}") = "t_8", "t_8\t_8.vcxproj", "{48B7A694-86C3-4AB9-B878-37A7EE9E50CC}"
EndProject
Global
	GlobalSection(SolutionConfigurationPlatforms) = preSolution
		Debug|x64 = Debug|x64
		Debug|x86 = Debug|x86
		Release|x64 = Release|x64
		Release|x86 = Release|x86
	EndGlobalSection
	GlobalSection(ProjectConfigurationPlatforms) = postSolution
		{64B0D154-27CC-495D-98D6-A004175DA2D2}.Debug|x64.ActiveCfg = Debug|x64
		{64B0D154-27CC-495D-98D6-A004175DA2D2}.Debug|x64.Build.0 = Debug|x64
		{64B0D154-27CC-495D-98D6-A004175DA2D2}.Debug|x86.ActiveCfg = Debug|Win32
		{64B0D154-27CC-495D-98D6-A004175DA2D2}.Debug|x86.Build.0 = Debug|Win32
		{64B0D154-27CC-495D-98D6-A004175DA2D2}.Release|x64.ActiveCfg = Release|x64
		{64B0D154-27CC-495D-98D6-A004175DA2D2}.Release|x64.Build.0 = Release|x64
		{64B0D154-27CC-495D-98D6-A004175DA2D2}.Release|x86.ActiveCfg = Release|Win32
		{64B0D154-27CC-495D-98D6-A004175DA2D2}.Release|x86.Build.0 = Release|Win32
		{B84B81F2-5198-445C-AF04-0B9C35F3AECE}.Debug|x64.ActiveCfg = Debug|x64
		{B84B81F2-5198-445C-AF04-0B9C35F3AECE}.Debug|x64.Build.0 = Debug|x64
		{B84B81F2-5198-445C-AF04-0B9C35F3AECE}.Debug|x86.ActiveCfg = Debug|Win32
		{B84B81F2-5198-445C-AF04-0B9C35F3AECE}.Debug|x86.Build.0 = Debug|Win32
		{B84B81F2-5198-445C-AF04-0B9C35F3AECE}.Release|x64.ActiveCfg = Release|x64
		{B84B81F2-5198-445C-AF04-0B9C35F3AECE}.Release|x64.Build.0 = Release|x64
		{B84B81F2-5198-445C-AF04-0B9C35F3AECE}.Release|x86.ActiveCfg = Release|Win32
		{B84B81F2-5198-445C-AF04-0B9C35F3AECE}.Release|x86.Build.0 = Release|Win32
		{F64A36A9-3D69-41F9-A15A-4397E8E17E2A}.Debug|x64.ActiveCfg = Debug|x64
		{F64A36A9-3D69-41F9-A15A-4397E8E17E2A}.Debug|x64.Build.0 = Debug|x64
		{F64A36A9-3D69-41F9-A15A-4397E8E17E2A}.Debug|x86.ActiveCfg = Debug|Win32
		{F64A36A9-3D69-41F9-A15A-4397E8E17E2A}.Debug|x86.Build.0 = Debug|Win32
		{F64A36A9-3D69-41F9-A15A-4397E8E17E2A}.Release|x64.ActiveCfg = Release|x64
		{F64A36A9-3D69-41F9-A15A-4397E8E17E2A}.Release|x64.Build.0 = Release|x64
		{F64A36A9-3D69-41F9-A15A-4397E8E17E2A}.Release|x86.ActiveCfg = Release|Win32
		{F64A36A9-3D69-41F9-A15A-4397E8E17E2A}.Release|x86.Build.0 = Release|Win32
		{AAF3CBB6-3EEB-4B31-BA8B-65ACB7836C6B}.Debug|x64.ActiveCfg = Debug|x64
		{AAF3CBB6-3EEB-4B31-BA8B-65ACB7836C6B}.Debug|x64.Build.0 = Debug|x64
		{AAF3CBB6-3EEB-4B31-BA8B-65ACB7836C6B}.Debug|x86.ActiveCfg = Debug|Win32
		{AAF3CBB6-3EEB-4B31-BA8B-65ACB7836C6B}.Debug|x86.Build.0 = Debug|Win32
		{AAF3CBB6-3EEB-4B31-BA8B-65ACB7836C6B}.Release|x64.ActiveCfg = Release|x64
		{AAF3CBB6-3EEB-4B31-BA8B-65ACB7836C6B}.Release|x64.Build.0 = Release|x64
		{AAF3CBB6-3EEB-4B31-BA8B-65ACB7836C6B}.Release|x86.ActiveCfg = Release|Win32
		{AAF3CBB6-3EEB-4B31-BA8B-65ACB7836C6B}.Release|x86.Build.0 = Release|Win32
		{DE871B14-E78E-4B46-93AE-E281BB162CAC}.Debug|x64.ActiveCfg = Debug|x64
		{DE871B14-E78E-4B46-93AE-E281BB162CAC}.Debug|x64.Build.0 = Debug|x64
		{DE871B14-E78E-4B46-93AE-E281BB162CAC}.Debug|x86.ActiveCfg = Debug|Win32
		{DE871B14-E78E-4B46-93AE-E281BB162CAC}.Debug|x86.Build.0 = Debug|Win32
		{DE871B14-E78E-4B46-93AE-E281BB162CAC}.Release|x64.ActiveCfg = Release|x64
		{DE871B14-E78E-4B46-93AE-E281BB162CAC}.Release|x64.Build.0 = Release|x64
		{DE871B14-E78E-4B46-93AE-E281BB162CAC}.Release|x86.ActiveCfg = Release|Win32
		{DE871B14-E78E-4B46-93AE-E281BB162CAC}.Release|x86.Build.0 = Release|Win32
		{B22612E1-CF0D-4350-93A0-7E3E00514568}.Debug|x64.ActiveCfg = Debug|x64
		{B22612E1-CF0D-4350-93A0-7E3E00514568}.Debug|x64.Build.0 = Debug|x64
		{B22612E1-CF0D-4350-93A0-7E3E00514568}.Debug|x86.ActiveCfg = Debug|Win32
		{B22612E1-CF0D-4350-93A0-7E3E00514568}.Debug|x86.Build.0 = Debug|Win32
		{B22612E1-CF0D-4350-93A0-7E3E00514568}.Release|x64.ActiveCfg = Release|x64
		{B22612E1-CF0D-4350-93A0-7E3E00514568}.Release|x64.Build.0 = Release|x64
		{B22612E1-CF0D-4350-93A0-7E3E00514568}.Release|x86.ActiveCfg = Release|Win32
		{B22612E1-CF0D-4350-93A0-7E3E00514568}.Release|x86.Build.0 = Release|Win32
		{19023C0A-0869-4A2E-AA1B-F9FBC84EB748}.Debug|x64.ActiveCfg = Debug|x64
		{19023C0A-0869-4A2E-AA1B-F9FBC84EB748}.Debug|x64.Build.0 = Debug|x64
		{19023C0A-0869-4A2E-AA1B-F9FBC84EB748}.Debug|x86.ActiveCfg = Debug|Win32
		{19023C0A-0869-4A2E-AA1B-F9FBC84EB748}.Debug|x86.Build.0 = Debug|Win32
		{19023C0A-0869-4A2E-AA1B-F9FBC84EB748}.Release|x64.ActiveCfg = Release|x64
		{19023C0A-0869-4A2E-AA1B-F9FBC84EB748}.Release|x64.Build.0 = Release|x64
		{19023C0A-0869-4A2E-AA1B-F9FBC84EB748}.Release|x86.ActiveCfg = Release|Win32
		{19023C0A-0869-4A2E-AA1B-F9FBC84EB748}.Release|x86.Build.0 = Release|Win32
		{B630A05A-5CFC-47FC-BE25-4EAB8C06C028}.Debug|x64.ActiveCfg = Debug|x64
		{B630A05A-5CFC-47FC-BE25-4EAB8C06C028}.Debug|x64.Build.0 = Debug|x64
		{B630A05A-5CFC-47FC-BE25-4EAB8C06C028}.Debug|x86.ActiveCfg = Debug|Win32
		{B630A05A-5CFC-47FC-BE25-4EAB8C06C028}.Debug|x86.Build.0 = Debug|Win32
		{B630A05A-5CFC-47FC-BE25-4EAB8C06C028}.Release|x64.ActiveCfg = Release|x64
		{B630A05A-5CFC-47FC-BE25-4EAB8C06C028}.Release|x64.Build.0 = Release|x64
		{B630A05A-5CFC-47FC-BE25-4EAB8C06C028}.Release|x86.ActiveCfg = Release|Win32
		{B630A05A-5CFC-47FC-BE25-4EAB8C06C028}.Release|x86.Build.0 = Release|Win32
		{3435BDF0-9307-426B-812E-323C235D98F7}.Debug|x64.ActiveCfg = Debug|x64
		{3435BDF0-9307-426B-812E-323C235D98F7}.Debug|x64.Build.0 = Debug|x64
		{3435BDF0-9307-426B-812E-323C235D98F7}.Debug|x86.ActiveCfg = Debug|Win32
		{3435BDF0-9307-426B-812E-323C235D98F7}.Debug|x86.Build.0 = Debug|Win32
		{3435BDF0-9307-426B-812E-323C235D98F7}.Release|x64.ActiveCfg = Release|x64
		{3435BDF0-9307-426B-812E-323C235D98F7}.Release|x64.Build.0 = Release|x64
		{3435BDF0-9307-426B-812E-323C235D98F7}.Release|x86.ActiveCfg = Release|Win32
		{3435BDF0-9307-426B-812E-323C235D98F7}.Release|x86.Build.0 = Release|Win32
		{D2870F8D-6777-403A-A26D-1E3ECDF8DEAA}.Debug|x64.ActiveCfg = Debug|x64
		{D2870F8D-6777-403A-A26D-1E3ECDF8DEAA}.Debug|x64.Build.0 = Debug|x64
		{D2870F8D-6777-403A-A26D-1E3ECDF8DEAA}.Debug|x86.ActiveCfg = Debug|Win32
		{D2870F8D-6777-403A-A26D-1E3ECDF8DEAA}.Debug|x86.Build.0 = Debug|Win32
		{D2870F8D-6777-403A-A26D-1E3ECDF8DEAA}.Release|x64.ActiveCfg = Release|x64
		{D2870F8D-6777-403A-A26D-1E3ECDF8DEAA}.Release|x64.Build.0 = Release|x64
		{D2870F8D-6777-403A-A26D-1E3ECDF8DEAA}.Release|x86.ActiveCfg = Release|Win32
		{D2870F8D-6777-403A-A26D-1E3ECDF8DEAA}.Release|x86.Build.0 = Release|Win32
		{48B7A694-86C3-4AB9-B878-37A7EE9E50CC}.Debug|x64.ActiveCfg = Debug|x64
		{48B7A694-86C3-4AB9-B878-37A7EE9E50CC}.Debug|x64.Build.0 = Debug|x64
		{48B7A694-86C3-4AB9-B878-37A7EE9E50CC}.Debug|x86.ActiveCfg = Debug|Win32
		{48B7A694-86C3-4AB9-B878-37A7EE9E50CC}.Debug|x86.Build.0 = Debug|Win32
		{48B7A694-86C3-4AB9-B878-37A7EE9E50CC}.Release|x64.ActiveCfg = Release|x64
		{48B7A694-86C3-4AB9-B878-37A7EE9E50CC}.Release|x64.Build.0 = Release|x64
		{48B7A694-86C3-4AB9-B878-37A7EE9E50CC}.Release|x86.ActiveCfg = Release|Win32
		{48B7A694-86C3-4AB9-B878-37A7EE9E50CC}.Release|x86.Build.0 = Release|Win32
	EndGlobalSection
	GlobalSection(SolutionProperties) = preSolution
		HideSolutionNode = FALSE
	EndGlobalSection
	GlobalSection(NestedProjects) = preSolution
		{F64A36A9-3D69-41F9-A15A-4397E8E17E2A} = {A9B7658E-0A11-4F95-AF63-AE35614FA1D9}
		{AAF3CBB6-3EEB-4B31-BA8B-65ACB7836C6B} = {A9B7658E-0A11-4F95-AF63-AE35614FA1D9}
		{DE871B14-E78E-4B46-93AE-E281BB162CAC} = {A9B7658E-0A11-4F95-AF63-AE35614FA1D9}
		{B22612E1-CF0D-4350-93A0-7E3E00514568} = {A9B7658E-0A11-4F95-AF63-AE35614FA1D9}
		{19023C0A-0869-4A2E-AA1B-F9FBC84EB748} = {A9B7658E-0A11-4F95-AF63-AE35614FA1D9}
		{B630A05A-5CFC-47FC-BE25-4EAB8C06C028} = {A9B7658E-0A11-4F95-AF63-AE35614FA1D9}
		{3435BDF0-9307-426B-812E-323C235D98F7} = {A9B7658E-0A11-4F95-AF63-AE35614FA1D9}
		{D2870F8D-6777-403A-A26D-1E3ECDF8DEAA} = {A9B7658E-0A11-4F95-AF63-AE35614FA1D9}
		{48B7A694-86C3-4AB9-B878-37A7EE9E50CC} = {A9B7658E-0A11-4F95-AF63-AE35614FA1D9}
	EndGlobalSection
	GlobalSection(ExtensibilityGlobals) = postSolution
		SolutionGuid = {B006D280-CCE1-4F22-B6E9-8C7148B268C5}
	EndGlobalSection
EndGlobal
